
Microsoft Visual Studio Solution File, Format Version 12.00
# Visual Studio 15
VisualStudioVersion = 15.0.27428.2005
MinimumVisualStudioVersion = 10.0.40219.1
Project("{FAE04EC0-301F-11D3-BF4B-00C04F79EFBC}") = "PlayerElectronBasic", "PlayerElectronBasic\PlayerElectronBasic.csproj", "{C48CCB39-BCB6-41A4-BD3B-4C43EB2A0441}"
EndProject
Global
	GlobalSection(SolutionConfigurationPlatforms) = preSolution
		Debug|Any CPU = Debug|Any CPU
		Release|Any CPU = Release|Any CPU
	EndGlobalSection
	GlobalSection(ProjectConfigurationPlatforms) = postSolution
		{C48CCB39-BCB6-41A4-BD3B-4C43EB2A0441}.Debug|Any CPU.ActiveCfg = Debug|Any CPU
		{C48CCB39-BCB6-41A4-BD3B-4C43EB2A0441}.Debug|Any CPU.Build.0 = Debug|Any CPU
		{C48CCB39-BCB6-41A4-BD3B-4C43EB2A0441}.Release|Any CPU.ActiveCfg = Release|Any CPU
		{C48CCB39-BCB6-41A4-BD3B-4C43EB2A0441}.Release|Any CPU.Build.0 = Release|Any CPU
	EndGlobalSection
	GlobalSection(SolutionProperties) = preSolution
		HideSolutionNode = FALSE
	EndGlobalSection
	GlobalSection(ExtensibilityGlobals) = postSolution
		SolutionGuid = {090FBD20-D84F-40C1-8FC0-8668922DECBC}
	EndGlobalSection
EndGlobal
